# This file is automatically @generated by Poetry 1.8.2 and should not be changed by hand.

[[package]]
name = "common"
version = "0.1.2"
description = ""
optional = false
python-versions = "^3.12"
files = []
develop = false

[package.source]
type = "directory"
url = "../common"

[metadata]
lock-version = "2.0"
python-versions = "^3.12"
content-hash = "6c3762c96106a055d1c7339998a68bdbc63153b2b294749fbec8be9821844a5e"
